
Microsoft Visual Studio Solution File, Format Version 12.00
# Visual Studio Version 17
VisualStudioVersion = 17.9.34728.123
MinimumVisualStudioVersion = 10.0.40219.1
Project("{FAE04EC0-301F-11D3-BF4B-00C04F79EFBC}") = "BookWebApp", "BookWebApp\BookWebApp.csproj", "{B0B12B79-1CF1-4AE4-B22C-6A5A569EFC83}"
EndProject
Global
	GlobalSection(SolutionConfigurationPlatforms) = preSolution
		Debug|Any CPU = Debug|Any CPU
		Release|Any CPU = Release|Any CPU
	EndGlobalSection
	GlobalSection(ProjectConfigurationPlatforms) = postSolution
		{B0B12B79-1CF1-4AE4-B22C-6A5A569EFC83}.Debug|Any CPU.ActiveCfg = Debug|Any CPU
		{B0B12B79-1CF1-4AE4-B22C-6A5A569EFC83}.Debug|Any CPU.Build.0 = Debug|Any CPU
		{B0B12B79-1CF1-4AE4-B22C-6A5A569EFC83}.Release|Any CPU.ActiveCfg = Release|Any CPU
		{B0B12B79-1CF1-4AE4-B22C-6A5A569EFC83}.Release|Any CPU.Build.0 = Release|Any CPU
	EndGlobalSection
	GlobalSection(SolutionProperties) = preSolution
		HideSolutionNode = FALSE
	EndGlobalSection
	GlobalSection(ExtensibilityGlobals) = postSolution
		SolutionGuid = {358975E1-1680-419A-97C2-56F0540EE9B3}
	EndGlobalSection
EndGlobal
